// !$*UTF8*$!
{
	archiveVersion = 1;
	classes = {
	};
	objectVersion = 46;
	objects = {

/* Begin PBXBuildFile section */
		3B15B94D1BA465870045319A /* AppDelegate.swift in Sources */ = {isa = PBXBuildFile; fileRef = 3B15B94C1BA465870045319A /* AppDelegate.swift */; };
		3B15B9531BA465870045319A /* ModelController.swift in Sources */ = {isa = PBXBuildFile; fileRef = 3B15B9521BA465870045319A /* ModelController.swift */; };
		3B15B9561BA465870045319A /* Main.storyboard in Resources */ = {isa = PBXBuildFile; fileRef = 3B15B9541BA465870045319A /* Main.storyboard */; };
		3B15B9581BA465870045319A /* Images.xcassets in Resources */ = {isa = PBXBuildFile; fileRef = 3B15B9571BA465870045319A /* Images.xcassets */; };
		3B15B95B1BA465870045319A /* LaunchScreen.xib in Resources */ = {isa = PBXBuildFile; fileRef = 3B15B9591BA465870045319A /* LaunchScreen.xib */; };
		3B15B9671BA465870045319A /* mhacks6_iosTests.swift in Sources */ = {isa = PBXBuildFile; fileRef = 3B15B9661BA465870045319A /* mhacks6_iosTests.swift */; };
		3B1B77951BA4813C008D2A7E /* DataViewController.swift in Sources */ = {isa = PBXBuildFile; fileRef = 3B1B77941BA4813C008D2A7E /* DataViewController.swift */; };
/* End PBXBuildFile section */

/* Begin PBXContainerItemProxy section */
		3B15B9611BA465870045319A /* PBXContainerItemProxy */ = {
			isa = PBXContainerItemProxy;
			containerPortal = 3B15B93F1BA465870045319A /* Project object */;
			proxyType = 1;
			remoteGlobalIDString = 3B15B9461BA465870045319A;
			remoteInfo = "mhacks6-ios";
		};
/* End PBXContainerItemProxy section */

/* Begin PBXFileReference section */
		3B15B9471BA465870045319A /* mhacks6-ios.app */ = {isa = PBXFileReference; explicitFileType = wrapper.application; includeInIndex = 0; path = "mhacks6-ios.app"; sourceTree = BUILT_PRODUCTS_DIR; };
		3B15B94B1BA465870045319A /* Info.plist */ = {isa = PBXFileReference; lastKnownFileType = text.plist.xml; path = Info.plist; sourceTree = "<group>"; };
		3B15B94C1BA465870045319A /* AppDelegate.swift */ = {isa = PBXFileReference; lastKnownFileType = sourcecode.swift; path = AppDelegate.swift; sourceTree = "<group>"; };
		3B15B9521BA465870045319A /* ModelController.swift */ = {isa = PBXFileReference; lastKnownFileType = sourcecode.swift; path = ModelController.swift; sourceTree = "<group>"; };
		3B15B9551BA465870045319A /* Base */ = {isa = PBXFileReference; lastKnownFileType = file.storyboard; name = Base; path = Base.lproj/Main.storyboard; sourceTree = "<group>"; };
		3B15B9571BA465870045319A /* Images.xcassets */ = {isa = PBXFileReference; lastKnownFileType = folder.assetcatalog; path = Images.xcassets; sourceTree = "<group>"; };
		3B15B95A1BA465870045319A /* Base */ = {isa = PBXFileReference; lastKnownFileType = file.xib; name = Base; path = Base.lproj/LaunchScreen.xib; sourceTree = "<group>"; };
		3B15B9601BA465870045319A /* mhacks6-iosTests.xctest */ = {isa = PBXFileReference; explicitFileType = wrapper.cfbundle; includeInIndex = 0; path = "mhacks6-iosTests.xctest"; sourceTree = BUILT_PRODUCTS_DIR; };
		3B15B9651BA465870045319A /* Info.plist */ = {isa = PBXFileReference; lastKnownFileType = text.plist.xml; path = Info.plist; sourceTree = "<group>"; };
		3B15B9661BA465870045319A /* mhacks6_iosTests.swift */ = {isa = PBXFileReference; lastKnownFileType = sourcecode.swift; path = mhacks6_iosTests.swift; sourceTree = "<group>"; };
		3B1B77941BA4813C008D2A7E /* DataViewController.swift */ = {isa = PBXFileReference; fileEncoding = 4; lastKnownFileType = sourcecode.swift; name = DataViewController.swift; path = ../../../.Trash/DataViewController.swift; sourceTree = "<group>"; };
/* End PBXFileReference section */

/* Begin PBXFrameworksBuildPhase section */
		3B15B9441BA465870045319A /* Frameworks */ = {
			isa = PBXFrameworksBuildPhase;
			buildActionMask = 2147483647;
			files = (
			);
			runOnlyForDeploymentPostprocessing = 0;
		};
		3B15B95D1BA465870045319A /* Frameworks */ = {
			isa = PBXFrameworksBuildPhase;
			buildActionMask = 2147483647;
			files = (
			);
			runOnlyForDeploymentPostprocessing = 0;
		};
/* End PBXFrameworksBuildPhase section */

/* Begin PBXGroup section */
		3B15B93E1BA465870045319A = {
			isa = PBXGroup;
			children = (
				3B15B9491BA465870045319A /* mhacks6-ios */,
				3B15B9631BA465870045319A /* mhacks6-iosTests */,
				3B15B9481BA465870045319A /* Products */,
			);
			sourceTree = "<group>";
		};
		3B15B9481BA465870045319A /* Products */ = {
			isa = PBXGroup;
			children = (
				3B15B9471BA465870045319A /* mhacks6-ios.app */,
				3B15B9601BA465870045319A /* mhacks6-iosTests.xctest */,
			);
			name = Products;
			sourceTree = "<group>";
		};
		3B15B9491BA465870045319A /* mhacks6-ios */ = {
			isa = PBXGroup;
			children = (
				3B15B94C1BA465870045319A /* AppDelegate.swift */,
				3B15B9521BA465870045319A /* ModelController.swift */,
				3B15B9541BA465870045319A /* Main.storyboard */,
				3B1B77941BA4813C008D2A7E /* DataViewController.swift */,
				3B15B9571BA465870045319A /* Images.xcassets */,
				3B15B9591BA465870045319A /* LaunchScreen.xib */,
				3B15B94A1BA465870045319A /* Supporting Files */,
			);
			path = "mhacks6-ios";
			sourceTree = "<group>";
		};
		3B15B94A1BA465870045319A /* Supporting Files */ = {
			isa = PBXGroup;
			children = (
				3B15B94B1BA465870045319A /* Info.plist */,
			);
			name = "Supporting Files";
			sourceTree = "<group>";
		};
		3B15B9631BA465870045319A /* mhacks6-iosTests */ = {
			isa = PBXGroup;
			children = (
				3B15B9661BA465870045319A /* mhacks6_iosTests.swift */,
				3B15B9641BA465870045319A /* Supporting Files */,
			);
			path = "mhacks6-iosTests";
			sourceTree = "<group>";
		};
		3B15B9641BA465870045319A /* Supporting Files */ = {
			isa = PBXGroup;
			children = (
				3B15B9651BA465870045319A /* Info.plist */,
			);
			name = "Supporting Files";
			sourceTree = "<group>";
		};
/* End PBXGroup section */

/* Begin PBXNativeTarget section */
		3B15B9461BA465870045319A /* mhacks6-ios */ = {
			isa = PBXNativeTarget;
			buildConfigurationList = 3B15B96A1BA465870045319A /* Build configuration list for PBXNativeTarget "mhacks6-ios" */;
			buildPhases = (
				3B15B9431BA465870045319A /* Sources */,
				3B15B9441BA465870045319A /* Frameworks */,
				3B15B9451BA465870045319A /* Resources */,
			);
			buildRules = (
			);
			dependencies = (
			);
			name = "mhacks6-ios";
			productName = "mhacks6-ios";
			productReference = 3B15B9471BA465870045319A /* mhacks6-ios.app */;
			productType = "com.apple.product-type.application";
		};
		3B15B95F1BA465870045319A /* mhacks6-iosTests */ = {
			isa = PBXNativeTarget;
			buildConfigurationList = 3B15B96D1BA465870045319A /* Build configuration list for PBXNativeTarget "mhacks6-iosTests" */;
			buildPhases = (
				3B15B95C1BA465870045319A /* Sources */,
				3B15B95D1BA465870045319A /* Frameworks */,
				3B15B95E1BA465870045319A /* Resources */,
			);
			buildRules = (
			);
			dependencies = (
				3B15B9621BA465870045319A /* PBXTargetDependency */,
			);
			name = "mhacks6-iosTests";
			productName = "mhacks6-iosTests";
			productReference = 3B15B9601BA465870045319A /* mhacks6-iosTests.xctest */;
			productType = "com.apple.product-type.bundle.unit-test";
		};
/* End PBXNativeTarget section */

/* Begin PBXProject section */
		3B15B93F1BA465870045319A /* Project object */ = {
			isa = PBXProject;
			attributes = {
				LastUpgradeCheck = 0640;
				ORGANIZATIONNAME = "Arham Ahmed";
				TargetAttributes = {
					3B15B9461BA465870045319A = {
						CreatedOnToolsVersion = 6.4;
					};
					3B15B95F1BA465870045319A = {
						CreatedOnToolsVersion = 6.4;
						TestTargetID = 3B15B9461BA465870045319A;
					};
				};
			};
			buildConfigurationList = 3B15B9421BA465870045319A /* Build configuration list for PBXProject "mhacks6-ios" */;
			compatibilityVersion = "Xcode 3.2";
			developmentRegion = English;
			hasScannedForEncodings = 0;
			knownRegions = (
				en,
				Base,
			);
			mainGroup = 3B15B93E1BA465870045319A;
			productRefGroup = 3B15B9481BA465870045319A /* Products */;
			projectDirPath = "";
			projectRoot = "";
			targets = (
				3B15B9461BA465870045319A /* mhacks6-ios */,
				3B15B95F1BA465870045319A /* mhacks6-iosTests */,
			);
		};
/* End PBXProject section */

/* Begin PBXResourcesBuildPhase section */
		3B15B9451BA465870045319A /* Resources */ = {
			isa = PBXResourcesBuildPhase;
			buildActionMask = 2147483647;
			files = (
				3B15B9561BA465870045319A /* Main.storyboard in Resources */,
				3B15B95B1BA465870045319A /* LaunchScreen.xib in Resources */,
				3B15B9581BA465870045319A /* Images.xcassets in Resources */,
			);
			runOnlyForDeploymentPostprocessing = 0;
		};
		3B15B95E1BA465870045319A /* Resources */ = {
			isa = PBXResourcesBuildPhase;
			buildActionMask = 2147483647;
			files = (
			);
			runOnlyForDeploymentPostprocessing = 0;
		};
/* End PBXResourcesBuildPhase section */

/* Begin PBXSourcesBuildPhase section */
		3B15B9431BA465870045319A /* Sources */ = {
			isa = PBXSourcesBuildPhase;
			buildActionMask = 2147483647;
			files = (
				3B15B9531BA465870045319A /* ModelController.swift in Sources */,
				3B1B77951BA4813C008D2A7E /* DataViewController.swift in Sources */,
				3B15B94D1BA465870045319A /* AppDelegate.swift in Sources */,
			);
			runOnlyForDeploymentPostprocessing = 0;
		};
		3B15B95C1BA465870045319A /* Sources */ = {
			isa = PBXSourcesBuildPhase;
			buildActionMask = 2147483647;
			files = (
				3B15B9671BA465870045319A /* mhacks6_iosTests.swift in Sources */,
			);
			runOnlyForDeploymentPostprocessing = 0;
		};
/* End PBXSourcesBuildPhase section */

/* Begin PBXTargetDependency section */
		3B15B9621BA465870045319A /* PBXTargetDependency */ = {
			isa = PBXTargetDependency;
			target = 3B15B9461BA465870045319A /* mhacks6-ios */;
			targetProxy = 3B15B9611BA465870045319A /* PBXContainerItemProxy */;
		};
/* End PBXTargetDependency section */

/* Begin PBXVariantGroup section */
		3B15B9541BA465870045319A /* Main.storyboard */ = {
			isa = PBXVariantGroup;
			children = (
				3B15B9551BA465870045319A /* Base */,
			);
			name = Main.storyboard;
			sourceTree = "<group>";
		};
		3B15B9591BA465870045319A /* LaunchScreen.xib */ = {
			isa = PBXVariantGroup;
			children = (
				3B15B95A1BA465870045319A /* Base */,
			);
			name = LaunchScreen.xib;
			sourceTree = "<group>";
		};
/* End PBXVariantGroup section */

/* Begin XCBuildConfiguration section */
		3B15B9681BA465870045319A /* Debug */ = {
			isa = XCBuildConfiguration;
			buildSettings = {
				ALWAYS_SEARCH_USER_PATHS = NO;
				CLANG_CXX_LANGUAGE_STANDARD = "gnu++0x";
				CLANG_CXX_LIBRARY = "libc++";
				CLANG_ENABLE_MODULES = YES;
				CLANG_ENABLE_OBJC_ARC = YES;
				CLANG_WARN_BOOL_CONVERSION = YES;
				CLANG_WARN_CONSTANT_CONVERSION = YES;
				CLANG_WARN_DIRECT_OBJC_ISA_USAGE = YES_ERROR;
				CLANG_WARN_EMPTY_BODY = YES;
				CLANG_WARN_ENUM_CONVERSION = YES;
				CLANG_WARN_INT_CONVERSION = YES;
				CLANG_WARN_OBJC_ROOT_CLASS = YES_ERROR;
				CLANG_WARN_UNREACHABLE_CODE = YES;
				CLANG_WARN__DUPLICATE_METHOD_MATCH = YES;
				"CODE_SIGN_IDENTITY[sdk=iphoneos*]" = "iPhone Developer";
				COPY_PHASE_STRIP = NO;
				DEBUG_INFORMATION_FORMAT = "dwarf-with-dsym";
				ENABLE_STRICT_OBJC_MSGSEND = YES;
				GCC_C_LANGUAGE_STANDARD = gnu99;
				GCC_DYNAMIC_NO_PIC = NO;
				GCC_NO_COMMON_BLOCKS = YES;
				GCC_OPTIMIZATION_LEVEL = 0;
				GCC_PREPROCESSOR_DEFINITIONS = (
					"DEBUG=1",
					"$(inherited)",
				);
				GCC_SYMBOLS_PRIVATE_EXTERN = NO;
				GCC_WARN_64_TO_32_BIT_CONVERSION = YES;
				GCC_WARN_ABOUT_RETURN_TYPE = YES_ERROR;
				GCC_WARN_UNDECLARED_SELECTOR = YES;
				GCC_WARN_UNINITIALIZED_AUTOS = YES_AGGRESSIVE;
				GCC_WARN_UNUSED_FUNCTION = YES;
				GCC_WARN_UNUSED_VARIABLE = YES;
				IPHONEOS_DEPLOYMENT_TARGET = 8.4;
				MTL_ENABLE_DEBUG_INFO = YES;
				ONLY_ACTIVE_ARCH = YES;
				SDKROOT = iphoneos;
				SWIFT_OPTIMIZATION_LEVEL = "-Onone";
			};
			name = Debug;
		};
		3B15B9691BA465870045319A /* Release */ = {
			isa = XCBuildConfiguration;
			buildSettings = {
				ALWAYS_SEARCH_USER_PATHS = NO;
				CLANG_CXX_LANGUAGE_STANDARD = "gnu++0x";
				CLANG_CXX_LIBRARY = "libc++";
				CLANG_ENABLE_MODULES = YES;
				CLANG_ENABLE_OBJC_ARC = YES;
				CLANG_WARN_BOOL_CONVERSION = YES;
				CLANG_WARN_CONSTANT_CONVERSION = YES;
				CLANG_WARN_DIRECT_OBJC_ISA_USAGE = YES_ERROR;
				CLANG_WARN_EMPTY_BODY = YES;
				CLANG_WARN_ENUM_CONVERSION = YES;
				CLANG_WARN_INT_CONVERSION = YES;
				CLANG_WARN_OBJC_ROOT_CLASS = YES_ERROR;
				CLANG_WARN_UNREACHABLE_CODE = YES;
				CLANG_WARN__DUPLICATE_METHOD_MATCH = YES;
				"CODE_SIGN_IDENTITY[sdk=iphoneos*]" = "iPhone Developer";
				COPY_PHASE_STRIP = NO;
				DEBUG_INFORMATION_FORMAT = "dwarf-with-dsym";
				ENABLE_NS_ASSERTIONS = NO;
				ENABLE_STRICT_OBJC_MSGSEND = YES;
				GCC_C_LANGUAGE_STANDARD = gnu99;
				GCC_NO_COMMON_BLOCKS = YES;
				GCC_WARN_64_TO_32_BIT_CONVERSION = YES;
				GCC_WARN_ABOUT_RETURN_TYPE = YES_ERROR;
				GCC_WARN_UNDECLARED_SELECTOR = YES;
				GCC_WARN_UNINITIALIZED_AUTOS = YES_AGGRESSIVE;
				GCC_WARN_UNUSED_FUNCTION = YES;
				GCC_WARN_UNUSED_VARIABLE = YES;
				IPHONEOS_DEPLOYMENT_TARGET = 8.4;
				MTL_ENABLE_DEBUG_INFO = NO;
				SDKROOT = iphoneos;
				VALIDATE_PRODUCT = YES;
			};
			name = Release;
		};
		3B15B96B1BA465870045319A /* Debug */ = {
			isa = XCBuildConfiguration;
			buildSettings = {
				ASSETCATALOG_COMPILER_APPICON_NAME = AppIcon;
				INFOPLIST_FILE = "mhacks6-ios/Info.plist";
				LD_RUNPATH_SEARCH_PATHS = "$(inherited) @executable_path/Frameworks";
				PRODUCT_NAME = "$(TARGET_NAME)";
			};
			name = Debug;
		};
		3B15B96C1BA465870045319A /* Release */ = {
			isa = XCBuildConfiguration;
			buildSettings = {
				ASSETCATALOG_COMPILER_APPICON_NAME = AppIcon;
				INFOPLIST_FILE = "mhacks6-ios/Info.plist";
				LD_RUNPATH_SEARCH_PATHS = "$(inherited) @executable_path/Frameworks";
				PRODUCT_NAME = "$(TARGET_NAME)";
			};
			name = Release;
		};
		3B15B96E1BA465870045319A /* Debug */ = {
			isa = XCBuildConfiguration;
			buildSettings = {
				BUNDLE_LOADER = "$(TEST_HOST)";
				FRAMEWORK_SEARCH_PATHS = (
					"$(SDKROOT)/Developer/Library/Frameworks",
					"$(inherited)",
				);
				GCC_PREPROCESSOR_DEFINITIONS = (
					"DEBUG=1",
					"$(inherited)",
				);
				INFOPLIST_FILE = "mhacks6-iosTests/Info.plist";
				LD_RUNPATH_SEARCH_PATHS = "$(inherited) @executable_path/Frameworks @loader_path/Frameworks";
				PRODUCT_NAME = "$(TARGET_NAME)";
				TEST_HOST = "$(BUILT_PRODUCTS_DIR)/mhacks6-ios.app/mhacks6-ios";
			};
			name = Debug;
		};
		3B15B96F1BA465870045319A /* Release */ = {
			isa = XCBuildConfiguration;
			buildSettings = {
				BUNDLE_LOADER = "$(TEST_HOST)";
				FRAMEWORK_SEARCH_PATHS = (
					"$(SDKROOT)/Developer/Library/Frameworks",
					"$(inherited)",
				);
				INFOPLIST_FILE = "mhacks6-iosTests/Info.plist";
				LD_RUNPATH_SEARCH_PATHS = "$(inherited) @executable_path/Frameworks @loader_path/Frameworks";
				PRODUCT_NAME = "$(TARGET_NAME)";
				TEST_HOST = "$(BUILT_PRODUCTS_DIR)/mhacks6-ios.app/mhacks6-ios";
			};
			name = Release;
		};
/* End XCBuildConfiguration section */

/* Begin XCConfigurationList section */
		3B15B9421BA465870045319A /* Build configuration list for PBXProject "mhacks6-ios" */ = {
			isa = XCConfigurationList;
			buildConfigurations = (
				3B15B9681BA465870045319A /* Debug */,
				3B15B9691BA465870045319A /* Release */,
			);
			defaultConfigurationIsVisible = 0;
			defaultConfigurationName = Release;
		};
		3B15B96A1BA465870045319A /* Build configuration list for PBXNativeTarget "mhacks6-ios" */ = {
			isa = XCConfigurationList;
			buildConfigurations = (
				3B15B96B1BA465870045319A /* Debug */,
				3B15B96C1BA465870045319A /* Release */,
			);
			defaultConfigurationIsVisible = 0;
			defaultConfigurationName = Release;
		};
		3B15B96D1BA465870045319A /* Build configuration list for PBXNativeTarget "mhacks6-iosTests" */ = {
			isa = XCConfigurationList;
			buildConfigurations = (
				3B15B96E1BA465870045319A /* Debug */,
				3B15B96F1BA465870045319A /* Release */,
			);
			defaultConfigurationIsVisible = 0;
			defaultConfigurationName = Release;
		};
/* End XCConfigurationList section */
	};
	rootObject = 3B15B93F1BA465870045319A /* Project object */;
}
